
Microsoft Visual Studio Solution File, Format Version 12.00
# Visual Studio Version 16
VisualStudioVersion = 16.0.30517.126
MinimumVisualStudioVersion = 10.0.40219.1
Project("{FAE04EC0-301F-11D3-BF4B-00C04F79EFBC}") = "ConsoleApp1", "ConsoleApp1\ConsoleApp1.csproj", "{281A798A-B890-4EAA-BBA2-54967DD1F613}"
EndProject
Global
	GlobalSection(SolutionConfigurationPlatforms) = preSolution
		Debug|Any CPU = Debug|Any CPU
		Release|Any CPU = Release|Any CPU
	EndGlobalSection
	GlobalSection(ProjectConfigurationPlatforms) = postSolution
		{281A798A-B890-4EAA-BBA2-54967DD1F613}.Debug|Any CPU.ActiveCfg = Debug|Any CPU
		{281A798A-B890-4EAA-BBA2-54967DD1F613}.Debug|Any CPU.Build.0 = Debug|Any CPU
		{281A798A-B890-4EAA-BBA2-54967DD1F613}.Release|Any CPU.ActiveCfg = Release|Any CPU
		{281A798A-B890-4EAA-BBA2-54967DD1F613}.Release|Any CPU.Build.0 = Release|Any CPU
	EndGlobalSection
	GlobalSection(SolutionProperties) = preSolution
		HideSolutionNode = FALSE
	EndGlobalSection
	GlobalSection(ExtensibilityGlobals) = postSolution
		SolutionGuid = {7BDA4957-11C4-4C4A-BEAE-1D983CD7CAC2}
	EndGlobalSection
EndGlobal
